github.com/caseymrm/askm v1.0.0 h1:Ff5QN5GwuyCzg63++hU1jV+1JVYHYd0sw6KUkVd2GiQ=
github.com/caseymrm/askm v1.0.0/go.mod h1:raj+vtH8SsGkuSg1/970qaONNyNlIb7zFv2LDVk6j+U=
github.com/caseymrm/menuet v1.0.1 h1:7WCqrmb04Wh4iq7c7+LOPx1nookwV7xo2//Da3pEQ1o=
github.com/caseymrm/menuet v1.0.1/go.mod h1:Vdn4A7NdnGnx9CwlhyhAn4ii5xrpQkvaONdzpTyJ4j0=
github.com/tidwall/gjson v1.6.3 h1:aHoiiem0dr7GHkW001T1SMTJ7X5PvyekH5WX0whWGnI=
github.com/tidwall/gjson v1.6.3/go.mod h1:BaHyNc5bjzYkPqgLq7mdVzeiRtULKULXLgZFKsxEHI0=
github.com/tidwall/match v1.0.1 h1:PnKP62LPNxHKTwvHHZZzdOAOCtsJTjo6dZLCwpKm5xc=
github.com/tidwall/match v1.0.1/go.mod h1:LujAq0jyVjBy028G1WhWfIzbpQfMO8bBZ6Tyb0+pL9E=
github.com/tidwall/match v1.0.2 h1:uuqvHuBGSedK7awZ2YoAtpnimfwBGFjHuWLuLqQj+bU=
github.com/tidwall/match v1.0.2/go.mod h1:LujAq0jyVjBy028G1WhWfIzbpQfMO8bBZ6Tyb0+pL9E=
github.com/tidwall/pretty v1.0.2 h1:Z7S3cePv9Jwm1KwS0513MRaoUe3S01WPbLNV40pwWZU=
github.com/tidwall/pretty v1.0.2/go.mod h1:XNkn88O1ChpSDQmQeStsy+sBenx6DDtFZJxhVysOjyk=
